// !$*UTF8*$!
{
	archiveVersion = 1;
	classes = {
	};
	objectVersion = 56;
	objects = {

/* Begin PBXBuildFile section */
		218C46EE2AA3E4810018D270 /* chat_boxApp.swift in Sources */ = {isa = PBXBuildFile; fileRef = 218C46ED2AA3E4810018D270 /* chat_boxApp.swift */; };
		218C46F02AA3E4810018D270 /* ContentView.swift in Sources */ = {isa = PBXBuildFile; fileRef = 218C46EF2AA3E4810018D270 /* ContentView.swift */; };
		218C46F22AA3E4820018D270 /* Assets.xcassets in Resources */ = {isa = PBXBuildFile; fileRef = 218C46F12AA3E4820018D270 /* Assets.xcassets */; };
		218C46F52AA3E4820018D270 /* Preview Assets.xcassets in Resources */ = {isa = PBXBuildFile; fileRef = 218C46F42AA3E4820018D270 /* Preview Assets.xcassets */; };
		218C46FD2AA3E6CB0018D270 /* TitleRow.swift in Sources */ = {isa = PBXBuildFile; fileRef = 218C46FC2AA3E6CB0018D270 /* TitleRow.swift */; };
		218C47002AA3EC8C0018D270 /* Message.swift in Sources */ = {isa = PBXBuildFile; fileRef = 218C46FF2AA3EC8C0018D270 /* Message.swift */; };
		218C47022AA3ED240018D270 /* MessageBubble.swift in Sources */ = {isa = PBXBuildFile; fileRef = 218C47012AA3ED240018D270 /* MessageBubble.swift */; };
		218C47042AA3F5850018D270 /* Extensions.swift in Sources */ = {isa = PBXBuildFile; fileRef = 218C47032AA3F5850018D270 /* Extensions.swift */; };
		218C47062AA3F8530018D270 /* MessageField.swift in Sources */ = {isa = PBXBuildFile; fileRef = 218C47052AA3F8530018D270 /* MessageField.swift */; };
/* End PBXBuildFile section */

/* Begin PBXFileReference section */
		218C46EA2AA3E4810018D270 /* chat-box.app */ = {isa = PBXFileReference; explicitFileType = wrapper.application; includeInIndex = 0; path = "chat-box.app"; sourceTree = BUILT_PRODUCTS_DIR; };
		218C46ED2AA3E4810018D270 /* chat_boxApp.swift */ = {isa = PBXFileReference; lastKnownFileType = sourcecode.swift; path = chat_boxApp.swift; sourceTree = "<group>"; };
		218C46EF2AA3E4810018D270 /* ContentView.swift */ = {isa = PBXFileReference; lastKnownFileType = sourcecode.swift; path = ContentView.swift; sourceTree = "<group>"; };
		218C46F12AA3E4820018D270 /* Assets.xcassets */ = {isa = PBXFileReference; lastKnownFileType = folder.assetcatalog; path = Assets.xcassets; sourceTree = "<group>"; };
		218C46F42AA3E4820018D270 /* Preview Assets.xcassets */ = {isa = PBXFileReference; lastKnownFileType = folder.assetcatalog; path = "Preview Assets.xcassets"; sourceTree = "<group>"; };
		218C46FC2AA3E6CB0018D270 /* TitleRow.swift */ = {isa = PBXFileReference; lastKnownFileType = sourcecode.swift; path = TitleRow.swift; sourceTree = "<group>"; };
		218C46FF2AA3EC8C0018D270 /* Message.swift */ = {isa = PBXFileReference; lastKnownFileType = sourcecode.swift; path = Message.swift; sourceTree = "<group>"; };
		218C47012AA3ED240018D270 /* MessageBubble.swift */ = {isa = PBXFileReference; lastKnownFileType = sourcecode.swift; path = MessageBubble.swift; sourceTree = "<group>"; };
		218C47032AA3F5850018D270 /* Extensions.swift */ = {isa = PBXFileReference; lastKnownFileType = sourcecode.swift; path = Extensions.swift; sourceTree = "<group>"; };
		218C47052AA3F8530018D270 /* MessageField.swift */ = {isa = PBXFileReference; lastKnownFileType = sourcecode.swift; path = MessageField.swift; sourceTree = "<group>"; };
/* End PBXFileReference section */

/* Begin PBXFrameworksBuildPhase section */
		218C46E72AA3E4810018D270 /* Frameworks */ = {
			isa = PBXFrameworksBuildPhase;
			buildActionMask = 2147483647;
			files = (
			);
			runOnlyForDeploymentPostprocessing = 0;
		};
/* End PBXFrameworksBuildPhase section */

/* Begin PBXGroup section */
		218C46E12AA3E4810018D270 = {
			isa = PBXGroup;
			children = (
				218C46EC2AA3E4810018D270 /* chat-box */,
				218C46EB2AA3E4810018D270 /* Products */,
			);
			sourceTree = "<group>";
		};
		218C46EB2AA3E4810018D270 /* Products */ = {
			isa = PBXGroup;
			children = (
				218C46EA2AA3E4810018D270 /* chat-box.app */,
			);
			name = Products;
			sourceTree = "<group>";
		};
		218C46EC2AA3E4810018D270 /* chat-box */ = {
			isa = PBXGroup;
			children = (
				218C46FE2AA3EC720018D270 /* Models */,
				218C46FB2AA3E6A70018D270 /* Components */,
				218C46ED2AA3E4810018D270 /* chat_boxApp.swift */,
				218C46EF2AA3E4810018D270 /* ContentView.swift */,
				218C46F12AA3E4820018D270 /* Assets.xcassets */,
				218C46F32AA3E4820018D270 /* Preview Content */,
				218C47032AA3F5850018D270 /* Extensions.swift */,
			);
			path = "chat-box";
			sourceTree = "<group>";
		};
		218C46F32AA3E4820018D270 /* Preview Content */ = {
			isa = PBXGroup;
			children = (
				218C46F42AA3E4820018D270 /* Preview Assets.xcassets */,
			);
			path = "Preview Content";
			sourceTree = "<group>";
		};
		218C46FB2AA3E6A70018D270 /* Components */ = {
			isa = PBXGroup;
			children = (
				218C46FC2AA3E6CB0018D270 /* TitleRow.swift */,
				218C47012AA3ED240018D270 /* MessageBubble.swift */,
				218C47052AA3F8530018D270 /* MessageField.swift */,
			);
			path = Components;
			sourceTree = "<group>";
		};
		218C46FE2AA3EC720018D270 /* Models */ = {
			isa = PBXGroup;
			children = (
				218C46FF2AA3EC8C0018D270 /* Message.swift */,
			);
			path = Models;
			sourceTree = "<group>";
		};
/* End PBXGroup section */

/* Begin PBXNativeTarget section */
		218C46E92AA3E4810018D270 /* chat-box */ = {
			isa = PBXNativeTarget;
			buildConfigurationList = 218C46F82AA3E4820018D270 /* Build configuration list for PBXNativeTarget "chat-box" */;
			buildPhases = (
				218C46E62AA3E4810018D270 /* Sources */,
				218C46E72AA3E4810018D270 /* Frameworks */,
				218C46E82AA3E4810018D270 /* Resources */,
			);
			buildRules = (
			);
			dependencies = (
			);
			name = "chat-box";
			productName = "chat-box";
			productReference = 218C46EA2AA3E4810018D270 /* chat-box.app */;
			productType = "com.apple.product-type.application";
		};
/* End PBXNativeTarget section */

/* Begin PBXProject section */
		218C46E22AA3E4810018D270 /* Project object */ = {
			isa = PBXProject;
			attributes = {
				BuildIndependentTargetsInParallel = 1;
				LastSwiftUpdateCheck = 1430;
				LastUpgradeCheck = 1430;
				TargetAttributes = {
					218C46E92AA3E4810018D270 = {
						CreatedOnToolsVersion = 14.3.1;
					};
				};
			};
			buildConfigurationList = 218C46E52AA3E4810018D270 /* Build configuration list for PBXProject "chat-box" */;
			compatibilityVersion = "Xcode 14.0";
			developmentRegion = en;
			hasScannedForEncodings = 0;
			knownRegions = (
				en,
				Base,
			);
			mainGroup = 218C46E12AA3E4810018D270;
			productRefGroup = 218C46EB2AA3E4810018D270 /* Products */;
			projectDirPath = "";
			projectRoot = "";
			targets = (
				218C46E92AA3E4810018D270 /* chat-box */,
			);
		};
/* End PBXProject section */

/* Begin PBXResourcesBuildPhase section */
		218C46E82AA3E4810018D270 /* Resources */ = {
			isa = PBXResourcesBuildPhase;
			buildActionMask = 2147483647;
			files = (
				218C46F52AA3E4820018D270 /* Preview Assets.xcassets in Resources */,
				218C46F22AA3E4820018D270 /* Assets.xcassets in Resources */,
			);
			runOnlyForDeploymentPostprocessing = 0;
		};
/* End PBXResourcesBuildPhase section */

/* Begin PBXSourcesBuildPhase section */
		218C46E62AA3E4810018D270 /* Sources */ = {
			isa = PBXSourcesBuildPhase;
			buildActionMask = 2147483647;
			files = (
				218C46F02AA3E4810018D270 /* ContentView.swift in Sources */,
				218C47042AA3F5850018D270 /* Extensions.swift in Sources */,
				218C47002AA3EC8C0018D270 /* Message.swift in Sources */,
				218C47062AA3F8530018D270 /* MessageField.swift in Sources */,
				218C47022AA3ED240018D270 /* MessageBubble.swift in Sources */,
				218C46EE2AA3E4810018D270 /* chat_boxApp.swift in Sources */,
				218C46FD2AA3E6CB0018D270 /* TitleRow.swift in Sources */,
			);
			runOnlyForDeploymentPostprocessing = 0;
		};
/* End PBXSourcesBuildPhase section */

/* Begin XCBuildConfiguration section */
		218C46F62AA3E4820018D270 /* Debug */ = {
			isa = XCBuildConfiguration;
			buildSettings = {
				ALWAYS_SEARCH_USER_PATHS = NO;
				CLANG_ANALYZER_NONNULL = YES;
				CLANG_ANALYZER_NUMBER_OBJECT_CONVERSION = YES_AGGRESSIVE;
				CLANG_CXX_LANGUAGE_STANDARD = "gnu++20";
				CLANG_ENABLE_MODULES = YES;
				CLANG_ENABLE_OBJC_ARC = YES;
				CLANG_ENABLE_OBJC_WEAK = YES;
				CLANG_WARN_BLOCK_CAPTURE_AUTORELEASING = YES;
				CLANG_WARN_BOOL_CONVERSION = YES;
				CLANG_WARN_COMMA = YES;
				CLANG_WARN_CONSTANT_CONVERSION = YES;
				CLANG_WARN_DEPRECATED_OBJC_IMPLEMENTATIONS = YES;
				CLANG_WARN_DIRECT_OBJC_ISA_USAGE = YES_ERROR;
				CLANG_WARN_DOCUMENTATION_COMMENTS = YES;
				CLANG_WARN_EMPTY_BODY = YES;
				CLANG_WARN_ENUM_CONVERSION = YES;
				CLANG_WARN_INFINITE_RECURSION = YES;
				CLANG_WARN_INT_CONVERSION = YES;
				CLANG_WARN_NON_LITERAL_NULL_CONVERSION = YES;
				CLANG_WARN_OBJC_IMPLICIT_RETAIN_SELF = YES;
				CLANG_WARN_OBJC_LITERAL_CONVERSION = YES;
				CLANG_WARN_OBJC_ROOT_CLASS = YES_ERROR;
				CLANG_WARN_QUOTED_INCLUDE_IN_FRAMEWORK_HEADER = YES;
				CLANG_WARN_RANGE_LOOP_ANALYSIS = YES;
				CLANG_WARN_STRICT_PROTOTYPES = YES;
				CLANG_WARN_SUSPICIOUS_MOVE = YES;
				CLANG_WARN_UNGUARDED_AVAILABILITY = YES_AGGRESSIVE;
				CLANG_WARN_UNREACHABLE_CODE = YES;
				CLANG_WARN__DUPLICATE_METHOD_MATCH = YES;
				COPY_PHASE_STRIP = NO;
				DEBUG_INFORMATION_FORMAT = dwarf;
				ENABLE_STRICT_OBJC_MSGSEND = YES;
				ENABLE_TESTABILITY = YES;
				GCC_C_LANGUAGE_STANDARD = gnu11;
				GCC_DYNAMIC_NO_PIC = NO;
				GCC_NO_COMMON_BLOCKS = YES;
				GCC_OPTIMIZATION_LEVEL = 0;
				GCC_PREPROCESSOR_DEFINITIONS = (
					"DEBUG=1",
					"$(inherited)",
				);
				GCC_WARN_64_TO_32_BIT_CONVERSION = YES;
				GCC_WARN_ABOUT_RETURN_TYPE = YES_ERROR;
				GCC_WARN_UNDECLARED_SELECTOR = YES;
				GCC_WARN_UNINITIALIZED_AUTOS = YES_AGGRESSIVE;
				GCC_WARN_UNUSED_FUNCTION = YES;
				GCC_WARN_UNUSED_VARIABLE = YES;
				IPHONEOS_DEPLOYMENT_TARGET = 16.4;
				MTL_ENABLE_DEBUG_INFO = INCLUDE_SOURCE;
				MTL_FAST_MATH = YES;
				ONLY_ACTIVE_ARCH = YES;
				SDKROOT = iphoneos;
				SWIFT_ACTIVE_COMPILATION_CONDITIONS = DEBUG;
				SWIFT_OPTIMIZATION_LEVEL = "-Onone";
			};
			name = Debug;
		};
		218C46F72AA3E4820018D270 /* Release */ = {
			isa = XCBuildConfiguration;
			buildSettings = {
				ALWAYS_SEARCH_USER_PATHS = NO;
				CLANG_ANALYZER_NONNULL = YES;
				CLANG_ANALYZER_NUMBER_OBJECT_CONVERSION = YES_AGGRESSIVE;
				CLANG_CXX_LANGUAGE_STANDARD = "gnu++20";
				CLANG_ENABLE_MODULES = YES;
				CLANG_ENABLE_OBJC_ARC = YES;
				CLANG_ENABLE_OBJC_WEAK = YES;
				CLANG_WARN_BLOCK_CAPTURE_AUTORELEASING = YES;
				CLANG_WARN_BOOL_CONVERSION = YES;
				CLANG_WARN_COMMA = YES;
				CLANG_WARN_CONSTANT_CONVERSION = YES;
				CLANG_WARN_DEPRECATED_OBJC_IMPLEMENTATIONS = YES;
				CLANG_WARN_DIRECT_OBJC_ISA_USAGE = YES_ERROR;
				CLANG_WARN_DOCUMENTATION_COMMENTS = YES;
				CLANG_WARN_EMPTY_BODY = YES;
				CLANG_WARN_ENUM_CONVERSION = YES;
				CLANG_WARN_INFINITE_RECURSION = YES;
				CLANG_WARN_INT_CONVERSION = YES;
				CLANG_WARN_NON_LITERAL_NULL_CONVERSION = YES;
				CLANG_WARN_OBJC_IMPLICIT_RETAIN_SELF = YES;
				CLANG_WARN_OBJC_LITERAL_CONVERSION = YES;
				CLANG_WARN_OBJC_ROOT_CLASS = YES_ERROR;
				CLANG_WARN_QUOTED_INCLUDE_IN_FRAMEWORK_HEADER = YES;
				CLANG_WARN_RANGE_LOOP_ANALYSIS = YES;
				CLANG_WARN_STRICT_PROTOTYPES = YES;
				CLANG_WARN_SUSPICIOUS_MOVE = YES;
				CLANG_WARN_UNGUARDED_AVAILABILITY = YES_AGGRESSIVE;
				CLANG_WARN_UNREACHABLE_CODE = YES;
				CLANG_WARN__DUPLICATE_METHOD_MATCH = YES;
				COPY_PHASE_STRIP = NO;
				DEBUG_INFORMATION_FORMAT = "dwarf-with-dsym";
				ENABLE_NS_ASSERTIONS = NO;
				ENABLE_STRICT_OBJC_MSGSEND = YES;
				GCC_C_LANGUAGE_STANDARD = gnu11;
				GCC_NO_COMMON_BLOCKS = YES;
				GCC_WARN_64_TO_32_BIT_CONVERSION = YES;
				GCC_WARN_ABOUT_RETURN_TYPE = YES_ERROR;
				GCC_WARN_UNDECLARED_SELECTOR = YES;
				GCC_WARN_UNINITIALIZED_AUTOS = YES_AGGRESSIVE;
				GCC_WARN_UNUSED_FUNCTION = YES;
				GCC_WARN_UNUSED_VARIABLE = YES;
				IPHONEOS_DEPLOYMENT_TARGET = 16.4;
				MTL_ENABLE_DEBUG_INFO = NO;
				MTL_FAST_MATH = YES;
				SDKROOT = iphoneos;
				SWIFT_COMPILATION_MODE = wholemodule;
				SWIFT_OPTIMIZATION_LEVEL = "-O";
				VALIDATE_PRODUCT = YES;
			};
			name = Release;
		};
		218C46F92AA3E4820018D270 /* Debug */ = {
			isa = XCBuildConfiguration;
			buildSettings = {
				ASSETCATALOG_COMPILER_APPICON_NAME = AppIcon;
				ASSETCATALOG_COMPILER_GLOBAL_ACCENT_COLOR_NAME = AccentColor;
				CODE_SIGN_STYLE = Automatic;
				CURRENT_PROJECT_VERSION = 1;
				DEVELOPMENT_ASSET_PATHS = "\"chat-box/Preview Content\"";
				DEVELOPMENT_TEAM = HU73YD5J6R;
				ENABLE_PREVIEWS = YES;
				GENERATE_INFOPLIST_FILE = YES;
				INFOPLIST_KEY_UIApplicationSceneManifest_Generation = YES;
				INFOPLIST_KEY_UIApplicationSupportsIndirectInputEvents = YES;
				INFOPLIST_KEY_UILaunchScreen_Generation = YES;
				INFOPLIST_KEY_UISupportedInterfaceOrientations_iPad = "UIInterfaceOrientationPortrait UIInterfaceOrientationPortraitUpsideDown UIInterfaceOrientationLandscapeLeft UIInterfaceOrientationLandscapeRight";
				INFOPLIST_KEY_UISupportedInterfaceOrientations_iPhone = "UIInterfaceOrientationPortrait UIInterfaceOrientationLandscapeLeft UIInterfaceOrientationLandscapeRight";
				LD_RUNPATH_SEARCH_PATHS = (
					"$(inherited)",
					"@executable_path/Frameworks",
				);
				MARKETING_VERSION = 1.0;
				PRODUCT_BUNDLE_IDENTIFIER = "com.mdsrmed.chat-box";
				PRODUCT_NAME = "$(TARGET_NAME)";
				SWIFT_EMIT_LOC_STRINGS = YES;
				SWIFT_VERSION = 5.0;
				TARGETED_DEVICE_FAMILY = "1,2";
			};
			name = Debug;
		};
		218C46FA2AA3E4820018D270 /* Release */ = {
			isa = XCBuildConfiguration;
			buildSettings = {
				ASSETCATALOG_COMPILER_APPICON_NAME = AppIcon;
				ASSETCATALOG_COMPILER_GLOBAL_ACCENT_COLOR_NAME = AccentColor;
				CODE_SIGN_STYLE = Automatic;
				CURRENT_PROJECT_VERSION = 1;
				DEVELOPMENT_ASSET_PATHS = "\"chat-box/Preview Content\"";
				DEVELOPMENT_TEAM = HU73YD5J6R;
				ENABLE_PREVIEWS = YES;
				GENERATE_INFOPLIST_FILE = YES;
				INFOPLIST_KEY_UIApplicationSceneManifest_Generation = YES;
				INFOPLIST_KEY_UIApplicationSupportsIndirectInputEvents = YES;
				INFOPLIST_KEY_UILaunchScreen_Generation = YES;
				INFOPLIST_KEY_UISupportedInterfaceOrientations_iPad = "UIInterfaceOrientationPortrait UIInterfaceOrientationPortraitUpsideDown UIInterfaceOrientationLandscapeLeft UIInterfaceOrientationLandscapeRight";
				INFOPLIST_KEY_UISupportedInterfaceOrientations_iPhone = "UIInterfaceOrientationPortrait UIInterfaceOrientationLandscapeLeft UIInterfaceOrientationLandscapeRight";
				LD_RUNPATH_SEARCH_PATHS = (
					"$(inherited)",
					"@executable_path/Frameworks",
				);
				MARKETING_VERSION = 1.0;
				PRODUCT_BUNDLE_IDENTIFIER = "com.mdsrmed.chat-box";
				PRODUCT_NAME = "$(TARGET_NAME)";
				SWIFT_EMIT_LOC_STRINGS = YES;
				SWIFT_VERSION = 5.0;
				TARGETED_DEVICE_FAMILY = "1,2";
			};
			name = Release;
		};
/* End XCBuildConfiguration section */

/* Begin XCConfigurationList section */
		218C46E52AA3E4810018D270 /* Build configuration list for PBXProject "chat-box" */ = {
			isa = XCConfigurationList;
			buildConfigurations = (
				218C46F62AA3E4820018D270 /* Debug */,
				218C46F72AA3E4820018D270 /* Release */,
			);
			defaultConfigurationIsVisible = 0;
			defaultConfigurationName = Release;
		};
		218C46F82AA3E4820018D270 /* Build configuration list for PBXNativeTarget "chat-box" */ = {
			isa = XCConfigurationList;
			buildConfigurations = (
				218C46F92AA3E4820018D270 /* Debug */,
				218C46FA2AA3E4820018D270 /* Release */,
			);
			defaultConfigurationIsVisible = 0;
			defaultConfigurationName = Release;
		};
/* End XCConfigurationList section */
	};
	rootObject = 218C46E22AA3E4810018D270 /* Project object */;
}
